
Microsoft Visual Studio Solution File, Format Version 12.00
# Visual Studio 14
VisualStudioVersion = 14.0.25420.1
MinimumVisualStudioVersion = 10.0.40219.1
Project("{FAE04EC0-301F-11D3-BF4B-00C04F79EFBC}") = "CodedUITestProject1", "CodedUITestProject1\CodedUITestProject1.csproj", "{10667851-682A-4BDA-A4A5-812F1A7C592F}"
EndProject
Global
	GlobalSection(SolutionConfigurationPlatforms) = preSolution
		Debug|Any CPU = Debug|Any CPU
		Release|Any CPU = Release|Any CPU
	EndGlobalSection
	GlobalSection(ProjectConfigurationPlatforms) = postSolution
		{10667851-682A-4BDA-A4A5-812F1A7C592F}.Debug|Any CPU.ActiveCfg = Debug|Any CPU
		{10667851-682A-4BDA-A4A5-812F1A7C592F}.Debug|Any CPU.Build.0 = Debug|Any CPU
		{10667851-682A-4BDA-A4A5-812F1A7C592F}.Release|Any CPU.ActiveCfg = Release|Any CPU
		{10667851-682A-4BDA-A4A5-812F1A7C592F}.Release|Any CPU.Build.0 = Release|Any CPU
	EndGlobalSection
	GlobalSection(SolutionProperties) = preSolution
		HideSolutionNode = FALSE
	EndGlobalSection
EndGlobal
